// !$*UTF8*$!
{
	archiveVersion = 1;
	classes = {
	};
	objectVersion = 52;
	objects = {

/* Begin PBXBuildFile section */
		B979743ED3363ACD5D45D00C /* Pods_MolarMassCalculator.framework in Frameworks */ = {isa = PBXBuildFile; fileRef = BEC84916522A3E871EA3E005 /* Pods_MolarMassCalculator.framework */; };
		C920ED1523D7ADFA005E99CF /* TableViewCell.swift in Sources */ = {isa = PBXBuildFile; fileRef = C920ED1423D7ADFA005E99CF /* TableViewCell.swift */; };
		C93171D5280816AA005E0C16 /* MainView.swift in Sources */ = {isa = PBXBuildFile; fileRef = C93171D4280816AA005E0C16 /* MainView.swift */; };
		C93171D728081AC7005E0C16 /* TextViews.swift in Sources */ = {isa = PBXBuildFile; fileRef = C93171D628081AC7005E0C16 /* TextViews.swift */; };
		C93171D928082C40005E0C16 /* TextFieldResultAndButtonCalculate.swift in Sources */ = {isa = PBXBuildFile; fileRef = C93171D828082C40005E0C16 /* TextFieldResultAndButtonCalculate.swift */; };
		C93C40CA281C94FF00EB701B /* MolarMassCalculatorTests.swift in Sources */ = {isa = PBXBuildFile; fileRef = C93C40C9281C94FF00EB701B /* MolarMassCalculatorTests.swift */; };
		C958B13F2808610D00946B34 /* Calculation.swift in Sources */ = {isa = PBXBuildFile; fileRef = C958B13E2808610D00946B34 /* Calculation.swift */; };
		C9666B69281C0C3300313F55 /* Extensions.swift in Sources */ = {isa = PBXBuildFile; fileRef = C9666B68281C0C3300313F55 /* Extensions.swift */; };
		C970986D23DA167900792AF4 /* Tahoma Bold.ttf in Resources */ = {isa = PBXBuildFile; fileRef = C970986B23DA167800792AF4 /* Tahoma Bold.ttf */; };
		C970986E23DA167900792AF4 /* Tahoma.ttf in Resources */ = {isa = PBXBuildFile; fileRef = C970986C23DA167900792AF4 /* Tahoma.ttf */; };
		C970987123DA2DB500792AF4 /* LucidaGrande.ttc in Resources */ = {isa = PBXBuildFile; fileRef = C970987023DA2DB400792AF4 /* LucidaGrande.ttc */; };
		C98C15292586A6A500432516 /* ReviewService.swift in Sources */ = {isa = PBXBuildFile; fileRef = C98C15282586A6A500432516 /* ReviewService.swift */; };
		C98E5D702822D304003CDF1F /* Koulen-Regular.ttf in Resources */ = {isa = PBXBuildFile; fileRef = C98E5D6F2822D304003CDF1F /* Koulen-Regular.ttf */; };
		C996749323E251F300A31232 /* Interface.storyboard in Resources */ = {isa = PBXBuildFile; fileRef = C996749123E251F300A31232 /* Interface.storyboard */; };
		C996749523E251F400A31232 /* Assets.xcassets in Resources */ = {isa = PBXBuildFile; fileRef = C996749423E251F400A31232 /* Assets.xcassets */; };
		C996749C23E251F400A31232 /* Molar Mass Calculator Apple Watch Extension.appex in Embed App Extensions */ = {isa = PBXBuildFile; fileRef = C996749B23E251F400A31232 /* Molar Mass Calculator Apple Watch Extension.appex */; settings = {ATTRIBUTES = (RemoveHeadersOnCopy, ); }; };
		C99674A123E251F400A31232 /* InterfaceController.swift in Sources */ = {isa = PBXBuildFile; fileRef = C99674A023E251F400A31232 /* InterfaceController.swift */; };
		C99674A323E251F400A31232 /* ExtensionDelegate.swift in Sources */ = {isa = PBXBuildFile; fileRef = C99674A223E251F400A31232 /* ExtensionDelegate.swift */; };
		C99674A523E251F500A31232 /* Assets.xcassets in Resources */ = {isa = PBXBuildFile; fileRef = C99674A423E251F500A31232 /* Assets.xcassets */; };
		C99674A923E251F500A31232 /* Molar Mass Calculator Apple Watch.app in Embed Watch Content */ = {isa = PBXBuildFile; fileRef = C996748F23E251F300A31232 /* Molar Mass Calculator Apple Watch.app */; platformFilter = ios; settings = {ATTRIBUTES = (RemoveHeadersOnCopy, ); }; };
		C9F77AD123CE02E60056288C /* AppDelegate.swift in Sources */ = {isa = PBXBuildFile; fileRef = C9F77AD023CE02E60056288C /* AppDelegate.swift */; };
		C9F77AD523CE02E60056288C /* ViewController.swift in Sources */ = {isa = PBXBuildFile; fileRef = C9F77AD423CE02E60056288C /* ViewController.swift */; };
		C9F77AD823CE02E60056288C /* Main.storyboard in Resources */ = {isa = PBXBuildFile; fileRef = C9F77AD623CE02E60056288C /* Main.storyboard */; };
		C9F77ADA23CE02E70056288C /* Assets.xcassets in Resources */ = {isa = PBXBuildFile; fileRef = C9F77AD923CE02E70056288C /* Assets.xcassets */; };
		C9F77ADD23CE02E70056288C /* LaunchScreen.storyboard in Resources */ = {isa = PBXBuildFile; fileRef = C9F77ADB23CE02E70056288C /* LaunchScreen.storyboard */; };
/* End PBXBuildFile section */

/* Begin PBXContainerItemProxy section */
		C93C40CB281C94FF00EB701B /* PBXContainerItemProxy */ = {
			isa = PBXContainerItemProxy;
			containerPortal = C9F77AC523CE02E60056288C /* Project object */;
			proxyType = 1;
			remoteGlobalIDString = C9F77ACC23CE02E60056288C;
			remoteInfo = MolarMassCalculator;
		};
		C996749D23E251F400A31232 /* PBXContainerItemProxy */ = {
			isa = PBXContainerItemProxy;
			containerPortal = C9F77AC523CE02E60056288C /* Project object */;
			proxyType = 1;
			remoteGlobalIDString = C996749A23E251F400A31232;
			remoteInfo = "Molar Mass Calculator Apple Watch Extension";
		};
		C99674A723E251F500A31232 /* PBXContainerItemProxy */ = {
			isa = PBXContainerItemProxy;
			containerPortal = C9F77AC523CE02E60056288C /* Project object */;
			proxyType = 1;
			remoteGlobalIDString = C996748E23E251F300A31232;
			remoteInfo = "Molar Mass Calculator Apple Watch";
		};
/* End PBXContainerItemProxy section */

/* Begin PBXCopyFilesBuildPhase section */
		C99674AA23E251F500A31232 /* Embed Watch Content */ = {
			isa = PBXCopyFilesBuildPhase;
			buildActionMask = 2147483647;
			dstPath = "$(CONTENTS_FOLDER_PATH)/Watch";
			dstSubfolderSpec = 16;
			files = (
				C99674A923E251F500A31232 /* Molar Mass Calculator Apple Watch.app in Embed Watch Content */,
			);
			name = "Embed Watch Content";
			runOnlyForDeploymentPostprocessing = 0;
		};
		C99674AD23E251F500A31232 /* Embed App Extensions */ = {
			isa = PBXCopyFilesBuildPhase;
			buildActionMask = 2147483647;
			dstPath = "";
			dstSubfolderSpec = 13;
			files = (
				C996749C23E251F400A31232 /* Molar Mass Calculator Apple Watch Extension.appex in Embed App Extensions */,
			);
			name = "Embed App Extensions";
			runOnlyForDeploymentPostprocessing = 0;
		};
/* End PBXCopyFilesBuildPhase section */

/* Begin PBXFileReference section */
		1ABDF1C8FAB4D3EF2A7E9E9D /* Pods-MolarMassCalculator.debug.xcconfig */ = {isa = PBXFileReference; includeInIndex = 1; lastKnownFileType = text.xcconfig; name = "Pods-MolarMassCalculator.debug.xcconfig"; path = "Target Support Files/Pods-MolarMassCalculator/Pods-MolarMassCalculator.debug.xcconfig"; sourceTree = "<group>"; };
		5EE66219FF170633F2A9F42A /* Pods-molecular wedth.debug.xcconfig */ = {isa = PBXFileReference; includeInIndex = 1; lastKnownFileType = text.xcconfig; name = "Pods-molecular wedth.debug.xcconfig"; path = "Target Support Files/Pods-molecular wedth/Pods-molecular wedth.debug.xcconfig"; sourceTree = "<group>"; };
		7A6694678BBD66C40878B729 /* Pods-molecular wedth.release.xcconfig */ = {isa = PBXFileReference; includeInIndex = 1; lastKnownFileType = text.xcconfig; name = "Pods-molecular wedth.release.xcconfig"; path = "Target Support Files/Pods-molecular wedth/Pods-molecular wedth.release.xcconfig"; sourceTree = "<group>"; };
		BEC84916522A3E871EA3E005 /* Pods_MolarMassCalculator.framework */ = {isa = PBXFileReference; explicitFileType = wrapper.framework; includeInIndex = 0; path = Pods_MolarMassCalculator.framework; sourceTree = BUILT_PRODUCTS_DIR; };
		C920ED1423D7ADFA005E99CF /* TableViewCell.swift */ = {isa = PBXFileReference; lastKnownFileType = sourcecode.swift; path = TableViewCell.swift; sourceTree = "<group>"; };
		C93171D4280816AA005E0C16 /* MainView.swift */ = {isa = PBXFileReference; lastKnownFileType = sourcecode.swift; path = MainView.swift; sourceTree = "<group>"; };
		C93171D628081AC7005E0C16 /* TextViews.swift */ = {isa = PBXFileReference; lastKnownFileType = sourcecode.swift; path = TextViews.swift; sourceTree = "<group>"; };
		C93171D828082C40005E0C16 /* TextFieldResultAndButtonCalculate.swift */ = {isa = PBXFileReference; lastKnownFileType = sourcecode.swift; path = TextFieldResultAndButtonCalculate.swift; sourceTree = "<group>"; };
		C93C40C7281C94FF00EB701B /* MolarMassCalculatorTests.xctest */ = {isa = PBXFileReference; explicitFileType = wrapper.cfbundle; includeInIndex = 0; path = MolarMassCalculatorTests.xctest; sourceTree = BUILT_PRODUCTS_DIR; };
		C93C40C9281C94FF00EB701B /* MolarMassCalculatorTests.swift */ = {isa = PBXFileReference; lastKnownFileType = sourcecode.swift; path = MolarMassCalculatorTests.swift; sourceTree = "<group>"; };
		C958B13E2808610D00946B34 /* Calculation.swift */ = {isa = PBXFileReference; lastKnownFileType = sourcecode.swift; path = Calculation.swift; sourceTree = "<group>"; };
		C9666B68281C0C3300313F55 /* Extensions.swift */ = {isa = PBXFileReference; lastKnownFileType = sourcecode.swift; path = Extensions.swift; sourceTree = "<group>"; };
		C970986B23DA167800792AF4 /* Tahoma Bold.ttf */ = {isa = PBXFileReference; lastKnownFileType = file; path = "Tahoma Bold.ttf"; sourceTree = "<group>"; };
		C970986C23DA167900792AF4 /* Tahoma.ttf */ = {isa = PBXFileReference; lastKnownFileType = file; path = Tahoma.ttf; sourceTree = "<group>"; };
		C970987023DA2DB400792AF4 /* LucidaGrande.ttc */ = {isa = PBXFileReference; lastKnownFileType = file; path = LucidaGrande.ttc; sourceTree = "<group>"; };
		C98C15282586A6A500432516 /* ReviewService.swift */ = {isa = PBXFileReference; lastKnownFileType = sourcecode.swift; path = ReviewService.swift; sourceTree = "<group>"; };
		C98E5D6F2822D304003CDF1F /* Koulen-Regular.ttf */ = {isa = PBXFileReference; lastKnownFileType = file; path = "Koulen-Regular.ttf"; sourceTree = "<group>"; };
		C996748F23E251F300A31232 /* Molar Mass Calculator Apple Watch.app */ = {isa = PBXFileReference; explicitFileType = wrapper.application; includeInIndex = 0; path = "Molar Mass Calculator Apple Watch.app"; sourceTree = BUILT_PRODUCTS_DIR; };
		C996749223E251F300A31232 /* Base */ = {isa = PBXFileReference; lastKnownFileType = file.storyboard; name = Base; path = Base.lproj/Interface.storyboard; sourceTree = "<group>"; };
		C996749423E251F400A31232 /* Assets.xcassets */ = {isa = PBXFileReference; lastKnownFileType = folder.assetcatalog; path = Assets.xcassets; sourceTree = "<group>"; };
		C996749623E251F400A31232 /* Info.plist */ = {isa = PBXFileReference; lastKnownFileType = text.plist.xml; path = Info.plist; sourceTree = "<group>"; };
		C996749B23E251F400A31232 /* Molar Mass Calculator Apple Watch Extension.appex */ = {isa = PBXFileReference; explicitFileType = "wrapper.app-extension"; includeInIndex = 0; path = "Molar Mass Calculator Apple Watch Extension.appex"; sourceTree = BUILT_PRODUCTS_DIR; };
		C99674A023E251F400A31232 /* InterfaceController.swift */ = {isa = PBXFileReference; lastKnownFileType = sourcecode.swift; path = InterfaceController.swift; sourceTree = "<group>"; };
		C99674A223E251F400A31232 /* ExtensionDelegate.swift */ = {isa = PBXFileReference; lastKnownFileType = sourcecode.swift; path = ExtensionDelegate.swift; sourceTree = "<group>"; };
		C99674A423E251F500A31232 /* Assets.xcassets */ = {isa = PBXFileReference; lastKnownFileType = folder.assetcatalog; path = Assets.xcassets; sourceTree = "<group>"; };
		C99674A623E251F500A31232 /* Info.plist */ = {isa = PBXFileReference; lastKnownFileType = text.plist.xml; path = Info.plist; sourceTree = "<group>"; };
		C9D90C66281D81E8003405E5 /* MolarMassCalculator.entitlements */ = {isa = PBXFileReference; lastKnownFileType = text.plist.entitlements; path = MolarMassCalculator.entitlements; sourceTree = "<group>"; };
		C9F77ACD23CE02E60056288C /* Molar Mass Calculator.app */ = {isa = PBXFileReference; explicitFileType = wrapper.application; includeInIndex = 0; path = "Molar Mass Calculator.app"; sourceTree = BUILT_PRODUCTS_DIR; };
		C9F77AD023CE02E60056288C /* AppDelegate.swift */ = {isa = PBXFileReference; lastKnownFileType = sourcecode.swift; path = AppDelegate.swift; sourceTree = "<group>"; };
		C9F77AD423CE02E60056288C /* ViewController.swift */ = {isa = PBXFileReference; lastKnownFileType = sourcecode.swift; path = ViewController.swift; sourceTree = "<group>"; };
		C9F77AD723CE02E60056288C /* Base */ = {isa = PBXFileReference; lastKnownFileType = file.storyboard; name = Base; path = Base.lproj/Main.storyboard; sourceTree = "<group>"; };
		C9F77AD923CE02E70056288C /* Assets.xcassets */ = {isa = PBXFileReference; lastKnownFileType = folder.assetcatalog; path = Assets.xcassets; sourceTree = "<group>"; };
		C9F77ADC23CE02E70056288C /* Base */ = {isa = PBXFileReference; lastKnownFileType = file.storyboard; name = Base; path = Base.lproj/LaunchScreen.storyboard; sourceTree = "<group>"; };
		C9F77ADE23CE02E70056288C /* Info.plist */ = {isa = PBXFileReference; lastKnownFileType = text.plist.xml; path = Info.plist; sourceTree = "<group>"; };
		E7CDF0EF389A64E5B9F2CA00 /* Pods-MolarMassCalculator.release.xcconfig */ = {isa = PBXFileReference; includeInIndex = 1; lastKnownFileType = text.xcconfig; name = "Pods-MolarMassCalculator.release.xcconfig"; path = "Target Support Files/Pods-MolarMassCalculator/Pods-MolarMassCalculator.release.xcconfig"; sourceTree = "<group>"; };
/* End PBXFileReference section */

/* Begin PBXFrameworksBuildPhase section */
		C93C40C4281C94FF00EB701B /* Frameworks */ = {
			isa = PBXFrameworksBuildPhase;
			buildActionMask = 2147483647;
			files = (
			);
			runOnlyForDeploymentPostprocessing = 0;
		};
		C996749823E251F400A31232 /* Frameworks */ = {
			isa = PBXFrameworksBuildPhase;
			buildActionMask = 2147483647;
			files = (
			);
			runOnlyForDeploymentPostprocessing = 0;
		};
		C9F77ACA23CE02E60056288C /* Frameworks */ = {
			isa = PBXFrameworksBuildPhase;
			buildActionMask = 2147483647;
			files = (
				B979743ED3363ACD5D45D00C /* Pods_MolarMassCalculator.framework in Frameworks */,
			);
			runOnlyForDeploymentPostprocessing = 0;
		};
		CEEA5339580838AB4F340964 /* Frameworks */ = {
			isa = PBXFrameworksBuildPhase;
			buildActionMask = 2147483647;
			files = (
			);
			runOnlyForDeploymentPostprocessing = 0;
		};
/* End PBXFrameworksBuildPhase section */

/* Begin PBXGroup section */
		07AFF02C053E96EEFAC99538 /* Pods */ = {
			isa = PBXGroup;
			children = (
				5EE66219FF170633F2A9F42A /* Pods-molecular wedth.debug.xcconfig */,
				7A6694678BBD66C40878B729 /* Pods-molecular wedth.release.xcconfig */,
				1ABDF1C8FAB4D3EF2A7E9E9D /* Pods-MolarMassCalculator.debug.xcconfig */,
				E7CDF0EF389A64E5B9F2CA00 /* Pods-MolarMassCalculator.release.xcconfig */,
			);
			path = Pods;
			sourceTree = "<group>";
		};
		8CD2A54F1496358C63B4708F /* Frameworks */ = {
			isa = PBXGroup;
			children = (
				BEC84916522A3E871EA3E005 /* Pods_MolarMassCalculator.framework */,
			);
			name = Frameworks;
			sourceTree = "<group>";
		};
		C93171D328081693005E0C16 /* SwiftUI */ = {
			isa = PBXGroup;
			children = (
				C93171D4280816AA005E0C16 /* MainView.swift */,
				C93171D828082C40005E0C16 /* TextFieldResultAndButtonCalculate.swift */,
				C93171D628081AC7005E0C16 /* TextViews.swift */,
				C9F77AD923CE02E70056288C /* Assets.xcassets */,
				C958B13D280860FD00946B34 /* Model */,
			);
			path = SwiftUI;
			sourceTree = "<group>";
		};
		C93C40C8281C94FF00EB701B /* MolarMassCalculatorTests */ = {
			isa = PBXGroup;
			children = (
				C93C40C9281C94FF00EB701B /* MolarMassCalculatorTests.swift */,
			);
			path = MolarMassCalculatorTests;
			sourceTree = "<group>";
		};
		C958B13D280860FD00946B34 /* Model */ = {
			isa = PBXGroup;
			children = (
				C98C15282586A6A500432516 /* ReviewService.swift */,
				C958B13E2808610D00946B34 /* Calculation.swift */,
				C9666B68281C0C3300313F55 /* Extensions.swift */,
			);
			path = Model;
			sourceTree = "<group>";
		};
		C970986423DA101400792AF4 /* Fonts */ = {
			isa = PBXGroup;
			children = (
				C98E5D6F2822D304003CDF1F /* Koulen-Regular.ttf */,
				C970986C23DA167900792AF4 /* Tahoma.ttf */,
				C970986B23DA167800792AF4 /* Tahoma Bold.ttf */,
				C970987023DA2DB400792AF4 /* LucidaGrande.ttc */,
			);
			path = Fonts;
			sourceTree = "<group>";
		};
		C996749023E251F300A31232 /* Molar Mass Calculator Apple Watch */ = {
			isa = PBXGroup;
			children = (
				C996749123E251F300A31232 /* Interface.storyboard */,
				C996749423E251F400A31232 /* Assets.xcassets */,
				C996749623E251F400A31232 /* Info.plist */,
			);
			path = "Molar Mass Calculator Apple Watch";
			sourceTree = "<group>";
		};
		C996749F23E251F400A31232 /* Molar Mass Calculator Apple Watch Extension */ = {
			isa = PBXGroup;
			children = (
				C99674A023E251F400A31232 /* InterfaceController.swift */,
				C99674A223E251F400A31232 /* ExtensionDelegate.swift */,
				C99674A423E251F500A31232 /* Assets.xcassets */,
				C99674A623E251F500A31232 /* Info.plist */,
			);
			path = "Molar Mass Calculator Apple Watch Extension";
			sourceTree = "<group>";
		};
		C9F77AC423CE02E60056288C = {
			isa = PBXGroup;
			children = (
				C9D90C66281D81E8003405E5 /* MolarMassCalculator.entitlements */,
				C93171D328081693005E0C16 /* SwiftUI */,
				C9F77ACF23CE02E60056288C /* UIKit */,
				C996749023E251F300A31232 /* Molar Mass Calculator Apple Watch */,
				C996749F23E251F400A31232 /* Molar Mass Calculator Apple Watch Extension */,
				C93C40C8281C94FF00EB701B /* MolarMassCalculatorTests */,
				C9F77ACE23CE02E60056288C /* Products */,
				07AFF02C053E96EEFAC99538 /* Pods */,
				8CD2A54F1496358C63B4708F /* Frameworks */,
			);
			sourceTree = "<group>";
		};
		C9F77ACE23CE02E60056288C /* Products */ = {
			isa = PBXGroup;
			children = (
				C9F77ACD23CE02E60056288C /* Molar Mass Calculator.app */,
				C996748F23E251F300A31232 /* Molar Mass Calculator Apple Watch.app */,
				C996749B23E251F400A31232 /* Molar Mass Calculator Apple Watch Extension.appex */,
				C93C40C7281C94FF00EB701B /* MolarMassCalculatorTests.xctest */,
			);
			name = Products;
			sourceTree = "<group>";
		};
		C9F77ACF23CE02E60056288C /* UIKit */ = {
			isa = PBXGroup;
			children = (
				C9F77AD023CE02E60056288C /* AppDelegate.swift */,
				C9F77AD423CE02E60056288C /* ViewController.swift */,
				C920ED1423D7ADFA005E99CF /* TableViewCell.swift */,
				C9F77AD623CE02E60056288C /* Main.storyboard */,
				C9F77ADB23CE02E70056288C /* LaunchScreen.storyboard */,
				C9F77ADE23CE02E70056288C /* Info.plist */,
				C970986423DA101400792AF4 /* Fonts */,
			);
			path = UIKit;
			sourceTree = "<group>";
		};
/* End PBXGroup section */

/* Begin PBXNativeTarget section */
		C93C40C6281C94FF00EB701B /* MolarMassCalculatorTests */ = {
			isa = PBXNativeTarget;
			buildConfigurationList = C93C40CF281C94FF00EB701B /* Build configuration list for PBXNativeTarget "MolarMassCalculatorTests" */;
			buildPhases = (
				C93C40C3281C94FF00EB701B /* Sources */,
				C93C40C4281C94FF00EB701B /* Frameworks */,
				C93C40C5281C94FF00EB701B /* Resources */,
			);
			buildRules = (
			);
			dependencies = (
				C93C40CC281C94FF00EB701B /* PBXTargetDependency */,
			);
			name = MolarMassCalculatorTests;
			productName = MolarMassCalculatorTests;
			productReference = C93C40C7281C94FF00EB701B /* MolarMassCalculatorTests.xctest */;
			productType = "com.apple.product-type.bundle.unit-test";
		};
		C996748E23E251F300A31232 /* Molar Mass Calculator Apple Watch */ = {
			isa = PBXNativeTarget;
			buildConfigurationList = C99674B123E251F500A31232 /* Build configuration list for PBXNativeTarget "Molar Mass Calculator Apple Watch" */;
			buildPhases = (
				C996748D23E251F300A31232 /* Resources */,
				C99674AD23E251F500A31232 /* Embed App Extensions */,
				CEEA5339580838AB4F340964 /* Frameworks */,
			);
			buildRules = (
			);
			dependencies = (
				C996749E23E251F400A31232 /* PBXTargetDependency */,
			);
			name = "Molar Mass Calculator Apple Watch";
			productName = "Molar Mass Calculator Apple Watch";
			productReference = C996748F23E251F300A31232 /* Molar Mass Calculator Apple Watch.app */;
			productType = "com.apple.product-type.application.watchapp2";
		};
		C996749A23E251F400A31232 /* Molar Mass Calculator Apple Watch Extension */ = {
			isa = PBXNativeTarget;
			buildConfigurationList = C99674B023E251F500A31232 /* Build configuration list for PBXNativeTarget "Molar Mass Calculator Apple Watch Extension" */;
			buildPhases = (
				C996749723E251F400A31232 /* Sources */,
				C996749823E251F400A31232 /* Frameworks */,
				C996749923E251F400A31232 /* Resources */,
			);
			buildRules = (
			);
			dependencies = (
			);
			name = "Molar Mass Calculator Apple Watch Extension";
			productName = "Molar Mass Calculator Apple Watch Extension";
			productReference = C996749B23E251F400A31232 /* Molar Mass Calculator Apple Watch Extension.appex */;
			productType = "com.apple.product-type.watchkit2-extension";
		};
		C9F77ACC23CE02E60056288C /* MolarMassCalculator */ = {
			isa = PBXNativeTarget;
			buildConfigurationList = C9F77AE123CE02E70056288C /* Build configuration list for PBXNativeTarget "MolarMassCalculator" */;
			buildPhases = (
				B0DED578F04FA15C2F4492B1 /* [CP] Check Pods Manifest.lock */,
				C9F77AC923CE02E60056288C /* Sources */,
				C9F77ACA23CE02E60056288C /* Frameworks */,
				C9F77ACB23CE02E60056288C /* Resources */,
				3C3F6710F430BCC4FC5D35B2 /* [CP] Embed Pods Frameworks */,
				C99674AA23E251F500A31232 /* Embed Watch Content */,
			);
			buildRules = (
			);
			dependencies = (
				C99674A823E251F500A31232 /* PBXTargetDependency */,
			);
			name = MolarMassCalculator;
			productName = "molecular wedth";
			productReference = C9F77ACD23CE02E60056288C /* Molar Mass Calculator.app */;
			productType = "com.apple.product-type.application";
		};
/* End PBXNativeTarget section */

/* Begin PBXProject section */
		C9F77AC523CE02E60056288C /* Project object */ = {
			isa = PBXProject;
			attributes = {
				LastSwiftUpdateCheck = 1330;
				LastUpgradeCheck = 1330;
				ORGANIZATIONNAME = "Filip Cernov";
				TargetAttributes = {
					C93C40C6281C94FF00EB701B = {
						CreatedOnToolsVersion = 13.3;
						TestTargetID = C9F77ACC23CE02E60056288C;
					};
					C996748E23E251F300A31232 = {
						CreatedOnToolsVersion = 11.3.1;
					};
					C996749A23E251F400A31232 = {
						CreatedOnToolsVersion = 11.3.1;
					};
					C9F77ACC23CE02E60056288C = {
						CreatedOnToolsVersion = 11.3;
					};
				};
			};
			buildConfigurationList = C9F77AC823CE02E60056288C /* Build configuration list for PBXProject "MolarMassCalculator" */;
			compatibilityVersion = "Xcode 9.3";
			developmentRegion = en;
			hasScannedForEncodings = 0;
			knownRegions = (
				en,
				Base,
			);
			mainGroup = C9F77AC423CE02E60056288C;
			productRefGroup = C9F77ACE23CE02E60056288C /* Products */;
			projectDirPath = "";
			projectRoot = "";
			targets = (
				C9F77ACC23CE02E60056288C /* MolarMassCalculator */,
				C996748E23E251F300A31232 /* Molar Mass Calculator Apple Watch */,
				C996749A23E251F400A31232 /* Molar Mass Calculator Apple Watch Extension */,
				C93C40C6281C94FF00EB701B /* MolarMassCalculatorTests */,
			);
		};
/* End PBXProject section */

/* Begin PBXResourcesBuildPhase section */
		C93C40C5281C94FF00EB701B /* Resources */ = {
			isa = PBXResourcesBuildPhase;
			buildActionMask = 2147483647;
			files = (
			);
			runOnlyForDeploymentPostprocessing = 0;
		};
		C996748D23E251F300A31232 /* Resources */ = {
			isa = PBXResourcesBuildPhase;
			buildActionMask = 2147483647;
			files = (
				C996749523E251F400A31232 /* Assets.xcassets in Resources */,
				C996749323E251F300A31232 /* Interface.storyboard in Resources */,
			);
			runOnlyForDeploymentPostprocessing = 0;
		};
		C996749923E251F400A31232 /* Resources */ = {
			isa = PBXResourcesBuildPhase;
			buildActionMask = 2147483647;
			files = (
				C99674A523E251F500A31232 /* Assets.xcassets in Resources */,
			);
			runOnlyForDeploymentPostprocessing = 0;
		};
		C9F77ACB23CE02E60056288C /* Resources */ = {
			isa = PBXResourcesBuildPhase;
			buildActionMask = 2147483647;
			files = (
				C9F77ADD23CE02E70056288C /* LaunchScreen.storyboard in Resources */,
				C9F77ADA23CE02E70056288C /* Assets.xcassets in Resources */,
				C970987123DA2DB500792AF4 /* LucidaGrande.ttc in Resources */,
				C98E5D702822D304003CDF1F /* Koulen-Regular.ttf in Resources */,
				C970986D23DA167900792AF4 /* Tahoma Bold.ttf in Resources */,
				C970986E23DA167900792AF4 /* Tahoma.ttf in Resources */,
				C9F77AD823CE02E60056288C /* Main.storyboard in Resources */,
			);
			runOnlyForDeploymentPostprocessing = 0;
		};
/* End PBXResourcesBuildPhase section */

/* Begin PBXShellScriptBuildPhase section */
		3C3F6710F430BCC4FC5D35B2 /* [CP] Embed Pods Frameworks */ = {
			isa = PBXShellScriptBuildPhase;
			buildActionMask = 2147483647;
			files = (
			);
			inputFileListPaths = (
				"${PODS_ROOT}/Target Support Files/Pods-MolarMassCalculator/Pods-MolarMassCalculator-frameworks-${CONFIGURATION}-input-files.xcfilelist",
			);
			name = "[CP] Embed Pods Frameworks";
			outputFileListPaths = (
				"${PODS_ROOT}/Target Support Files/Pods-MolarMassCalculator/Pods-MolarMassCalculator-frameworks-${CONFIGURATION}-output-files.xcfilelist",
			);
			runOnlyForDeploymentPostprocessing = 0;
			shellPath = /bin/sh;
			shellScript = "\"${PODS_ROOT}/Target Support Files/Pods-MolarMassCalculator/Pods-MolarMassCalculator-frameworks.sh\"\n";
			showEnvVarsInLog = 0;
		};
		B0DED578F04FA15C2F4492B1 /* [CP] Check Pods Manifest.lock */ = {
			isa = PBXShellScriptBuildPhase;
			buildActionMask = 2147483647;
			files = (
			);
			inputFileListPaths = (
			);
			inputPaths = (
				"${PODS_PODFILE_DIR_PATH}/Podfile.lock",
				"${PODS_ROOT}/Manifest.lock",
			);
			name = "[CP] Check Pods Manifest.lock";
			outputFileListPaths = (
			);
			outputPaths = (
				"$(DERIVED_FILE_DIR)/Pods-MolarMassCalculator-checkManifestLockResult.txt",
			);
			runOnlyForDeploymentPostprocessing = 0;
			shellPath = /bin/sh;
			shellScript = "diff \"${PODS_PODFILE_DIR_PATH}/Podfile.lock\" \"${PODS_ROOT}/Manifest.lock\" > /dev/null\nif [ $? != 0 ] ; then\n    # print error to STDERR\n    echo \"error: The sandbox is not in sync with the Podfile.lock. Run 'pod install' or update your CocoaPods installation.\" >&2\n    exit 1\nfi\n# This output is used by Xcode 'outputs' to avoid re-running this script phase.\necho \"SUCCESS\" > \"${SCRIPT_OUTPUT_FILE_0}\"\n";
			showEnvVarsInLog = 0;
		};
/* End PBXShellScriptBuildPhase section */

/* Begin PBXSourcesBuildPhase section */
		C93C40C3281C94FF00EB701B /* Sources */ = {
			isa = PBXSourcesBuildPhase;
			buildActionMask = 2147483647;
			files = (
				C93C40CA281C94FF00EB701B /* MolarMassCalculatorTests.swift in Sources */,
			);
			runOnlyForDeploymentPostprocessing = 0;
		};
		C996749723E251F400A31232 /* Sources */ = {
			isa = PBXSourcesBuildPhase;
			buildActionMask = 2147483647;
			files = (
				C99674A323E251F400A31232 /* ExtensionDelegate.swift in Sources */,
				C99674A123E251F400A31232 /* InterfaceController.swift in Sources */,
			);
			runOnlyForDeploymentPostprocessing = 0;
		};
		C9F77AC923CE02E60056288C /* Sources */ = {
			isa = PBXSourcesBuildPhase;
			buildActionMask = 2147483647;
			files = (
				C93171D928082C40005E0C16 /* TextFieldResultAndButtonCalculate.swift in Sources */,
				C9666B69281C0C3300313F55 /* Extensions.swift in Sources */,
				C920ED1523D7ADFA005E99CF /* TableViewCell.swift in Sources */,
				C98C15292586A6A500432516 /* ReviewService.swift in Sources */,
				C958B13F2808610D00946B34 /* Calculation.swift in Sources */,
				C9F77AD523CE02E60056288C /* ViewController.swift in Sources */,
				C93171D5280816AA005E0C16 /* MainView.swift in Sources */,
				C9F77AD123CE02E60056288C /* AppDelegate.swift in Sources */,
				C93171D728081AC7005E0C16 /* TextViews.swift in Sources */,
			);
			runOnlyForDeploymentPostprocessing = 0;
		};
/* End PBXSourcesBuildPhase section */

/* Begin PBXTargetDependency section */
		C93C40CC281C94FF00EB701B /* PBXTargetDependency */ = {
			isa = PBXTargetDependency;
			target = C9F77ACC23CE02E60056288C /* MolarMassCalculator */;
			targetProxy = C93C40CB281C94FF00EB701B /* PBXContainerItemProxy */;
		};
		C996749E23E251F400A31232 /* PBXTargetDependency */ = {
			isa = PBXTargetDependency;
			target = C996749A23E251F400A31232 /* Molar Mass Calculator Apple Watch Extension */;
			targetProxy = C996749D23E251F400A31232 /* PBXContainerItemProxy */;
		};
		C99674A823E251F500A31232 /* PBXTargetDependency */ = {
			isa = PBXTargetDependency;
			platformFilter = ios;
			target = C996748E23E251F300A31232 /* Molar Mass Calculator Apple Watch */;
			targetProxy = C99674A723E251F500A31232 /* PBXContainerItemProxy */;
		};
/* End PBXTargetDependency section */

/* Begin PBXVariantGroup section */
		C996749123E251F300A31232 /* Interface.storyboard */ = {
			isa = PBXVariantGroup;
			children = (
				C996749223E251F300A31232 /* Base */,
			);
			name = Interface.storyboard;
			sourceTree = "<group>";
		};
		C9F77AD623CE02E60056288C /* Main.storyboard */ = {
			isa = PBXVariantGroup;
			children = (
				C9F77AD723CE02E60056288C /* Base */,
			);
			name = Main.storyboard;
			sourceTree = "<group>";
		};
		C9F77ADB23CE02E70056288C /* LaunchScreen.storyboard */ = {
			isa = PBXVariantGroup;
			children = (
				C9F77ADC23CE02E70056288C /* Base */,
			);
			name = LaunchScreen.storyboard;
			sourceTree = "<group>";
		};
/* End PBXVariantGroup section */

/* Begin XCBuildConfiguration section */
		C93C40CD281C94FF00EB701B /* Debug */ = {
			isa = XCBuildConfiguration;
			buildSettings = {
				BUNDLE_LOADER = "$(TEST_HOST)";
				CLANG_CXX_LANGUAGE_STANDARD = "gnu++17";
				CODE_SIGN_STYLE = Automatic;
				CURRENT_PROJECT_VERSION = 1;
				DEVELOPMENT_TEAM = 3QCJKKKPU8;
				GENERATE_INFOPLIST_FILE = YES;
				IPHONEOS_DEPLOYMENT_TARGET = 15.4;
				MARKETING_VERSION = 1.0;
				PRODUCT_BUNDLE_IDENTIFIER = com.pylypchernov.MolarMassCalculatorTests;
				PRODUCT_NAME = "$(TARGET_NAME)";
				SWIFT_EMIT_LOC_STRINGS = NO;
				SWIFT_VERSION = 5.0;
				TARGETED_DEVICE_FAMILY = "1,2";
				TEST_HOST = "$(BUILT_PRODUCTS_DIR)/Molar Mass Calculator.app/Molar Mass Calculator";
			};
			name = Debug;
		};
		C93C40CE281C94FF00EB701B /* Release */ = {
			isa = XCBuildConfiguration;
			buildSettings = {
				BUNDLE_LOADER = "$(TEST_HOST)";
				CLANG_CXX_LANGUAGE_STANDARD = "gnu++17";
				CODE_SIGN_STYLE = Automatic;
				CURRENT_PROJECT_VERSION = 1;
				DEVELOPMENT_TEAM = 3QCJKKKPU8;
				GENERATE_INFOPLIST_FILE = YES;
				IPHONEOS_DEPLOYMENT_TARGET = 15.4;
				MARKETING_VERSION = 1.0;
				PRODUCT_BUNDLE_IDENTIFIER = com.pylypchernov.MolarMassCalculatorTests;
				PRODUCT_NAME = "$(TARGET_NAME)";
				SWIFT_EMIT_LOC_STRINGS = NO;
				SWIFT_VERSION = 5.0;
				TARGETED_DEVICE_FAMILY = "1,2";
				TEST_HOST = "$(BUILT_PRODUCTS_DIR)/Molar Mass Calculator.app/Molar Mass Calculator";
			};
			name = Release;
		};
		C99674AB23E251F500A31232 /* Debug */ = {
			isa = XCBuildConfiguration;
			buildSettings = {
				ALWAYS_EMBED_SWIFT_STANDARD_LIBRARIES = YES;
				ASSETCATALOG_COMPILER_APPICON_NAME = AppIcon;
				CODE_SIGN_STYLE = Automatic;
				CURRENT_PROJECT_VERSION = 2;
				DEVELOPMENT_TEAM = 3QCJKKKPU8;
				IBSC_MODULE = Molar_Mass_Calculator_Apple_Watch_Extension;
				INFOPLIST_FILE = "Molar Mass Calculator Apple Watch/Info.plist";
				PRODUCT_BUNDLE_IDENTIFIER = "com.filipcernov.molar-mass-calculator.watchkitapp";
				PRODUCT_NAME = "$(TARGET_NAME)";
				SDKROOT = watchos;
				SKIP_INSTALL = YES;
				SWIFT_VERSION = 5.0;
				TARGETED_DEVICE_FAMILY = 4;
				WATCHOS_DEPLOYMENT_TARGET = 5.3;
			};
			name = Debug;
		};
		C99674AC23E251F500A31232 /* Release */ = {
			isa = XCBuildConfiguration;
			buildSettings = {
				ALWAYS_EMBED_SWIFT_STANDARD_LIBRARIES = YES;
				ASSETCATALOG_COMPILER_APPICON_NAME = AppIcon;
				CODE_SIGN_STYLE = Automatic;
				CURRENT_PROJECT_VERSION = 2;
				DEVELOPMENT_TEAM = 3QCJKKKPU8;
				IBSC_MODULE = Molar_Mass_Calculator_Apple_Watch_Extension;
				INFOPLIST_FILE = "Molar Mass Calculator Apple Watch/Info.plist";
				PRODUCT_BUNDLE_IDENTIFIER = "com.filipcernov.molar-mass-calculator.watchkitapp";
				PRODUCT_NAME = "$(TARGET_NAME)";
				SDKROOT = watchos;
				SKIP_INSTALL = YES;
				SWIFT_VERSION = 5.0;
				TARGETED_DEVICE_FAMILY = 4;
				WATCHOS_DEPLOYMENT_TARGET = 5.3;
			};
			name = Release;
		};
		C99674AE23E251F500A31232 /* Debug */ = {
			isa = XCBuildConfiguration;
			buildSettings = {
				ASSETCATALOG_COMPILER_COMPLICATION_NAME = Complication;
				CODE_SIGN_STYLE = Automatic;
				CURRENT_PROJECT_VERSION = 2;
				DEVELOPMENT_TEAM = 3QCJKKKPU8;
				INFOPLIST_FILE = "Molar Mass Calculator Apple Watch Extension/Info.plist";
				LD_RUNPATH_SEARCH_PATHS = (
					"$(inherited)",
					"@executable_path/Frameworks",
					"@executable_path/../../Frameworks",
				);
				PRODUCT_BUNDLE_IDENTIFIER = "com.filipcernov.molar-mass-calculator.watchkitapp.watchkitextension";
				PRODUCT_NAME = "${TARGET_NAME}";
				SDKROOT = watchos;
				SKIP_INSTALL = YES;
				SWIFT_VERSION = 5.0;
				TARGETED_DEVICE_FAMILY = 4;
				WATCHOS_DEPLOYMENT_TARGET = 5.3;
			};
			name = Debug;
		};
		C99674AF23E251F500A31232 /* Release */ = {
			isa = XCBuildConfiguration;
			buildSettings = {
				ASSETCATALOG_COMPILER_COMPLICATION_NAME = Complication;
				CODE_SIGN_STYLE = Automatic;
				CURRENT_PROJECT_VERSION = 2;
				DEVELOPMENT_TEAM = 3QCJKKKPU8;
				INFOPLIST_FILE = "Molar Mass Calculator Apple Watch Extension/Info.plist";
				LD_RUNPATH_SEARCH_PATHS = (
					"$(inherited)",
					"@executable_path/Frameworks",
					"@executable_path/../../Frameworks",
				);
				PRODUCT_BUNDLE_IDENTIFIER = "com.filipcernov.molar-mass-calculator.watchkitapp.watchkitextension";
				PRODUCT_NAME = "${TARGET_NAME}";
				SDKROOT = watchos;
				SKIP_INSTALL = YES;
				SWIFT_VERSION = 5.0;
				TARGETED_DEVICE_FAMILY = 4;
				WATCHOS_DEPLOYMENT_TARGET = 5.3;
			};
			name = Release;
		};
		C9F77ADF23CE02E70056288C /* Debug */ = {
			isa = XCBuildConfiguration;
			buildSettings = {
				ALWAYS_SEARCH_USER_PATHS = NO;
				CLANG_ANALYZER_NONNULL = YES;
				CLANG_ANALYZER_NUMBER_OBJECT_CONVERSION = YES_AGGRESSIVE;
				CLANG_CXX_LANGUAGE_STANDARD = "gnu++14";
				CLANG_CXX_LIBRARY = "libc++";
				CLANG_ENABLE_MODULES = YES;
				CLANG_ENABLE_OBJC_ARC = YES;
				CLANG_ENABLE_OBJC_WEAK = YES;
				CLANG_WARN_BLOCK_CAPTURE_AUTORELEASING = YES;
				CLANG_WARN_BOOL_CONVERSION = YES;
				CLANG_WARN_COMMA = YES;
				CLANG_WARN_CONSTANT_CONVERSION = YES;
				CLANG_WARN_DEPRECATED_OBJC_IMPLEMENTATIONS = YES;
				CLANG_WARN_DIRECT_OBJC_ISA_USAGE = YES_ERROR;
				CLANG_WARN_DOCUMENTATION_COMMENTS = YES;
				CLANG_WARN_EMPTY_BODY = YES;
				CLANG_WARN_ENUM_CONVERSION = YES;
				CLANG_WARN_INFINITE_RECURSION = YES;
				CLANG_WARN_INT_CONVERSION = YES;
				CLANG_WARN_NON_LITERAL_NULL_CONVERSION = YES;
				CLANG_WARN_OBJC_IMPLICIT_RETAIN_SELF = YES;
				CLANG_WARN_OBJC_LITERAL_CONVERSION = YES;
				CLANG_WARN_OBJC_ROOT_CLASS = YES_ERROR;
				CLANG_WARN_QUOTED_INCLUDE_IN_FRAMEWORK_HEADER = YES;
				CLANG_WARN_RANGE_LOOP_ANALYSIS = YES;
				CLANG_WARN_STRICT_PROTOTYPES = YES;
				CLANG_WARN_SUSPICIOUS_MOVE = YES;
				CLANG_WARN_UNGUARDED_AVAILABILITY = YES_AGGRESSIVE;
				CLANG_WARN_UNREACHABLE_CODE = YES;
				CLANG_WARN__DUPLICATE_METHOD_MATCH = YES;
				COPY_PHASE_STRIP = NO;
				DEBUG_INFORMATION_FORMAT = dwarf;
				ENABLE_STRICT_OBJC_MSGSEND = YES;
				ENABLE_TESTABILITY = YES;
				GCC_C_LANGUAGE_STANDARD = gnu11;
				GCC_DYNAMIC_NO_PIC = NO;
				GCC_NO_COMMON_BLOCKS = YES;
				GCC_OPTIMIZATION_LEVEL = 0;
				GCC_PREPROCESSOR_DEFINITIONS = (
					"DEBUG=1",
					"$(inherited)",
				);
				GCC_WARN_64_TO_32_BIT_CONVERSION = YES;
				GCC_WARN_ABOUT_RETURN_TYPE = YES_ERROR;
				GCC_WARN_UNDECLARED_SELECTOR = YES;
				GCC_WARN_UNINITIALIZED_AUTOS = YES_AGGRESSIVE;
				GCC_WARN_UNUSED_FUNCTION = YES;
				GCC_WARN_UNUSED_VARIABLE = YES;
				IPHONEOS_DEPLOYMENT_TARGET = 12.4;
				MTL_ENABLE_DEBUG_INFO = INCLUDE_SOURCE;
				MTL_FAST_MATH = YES;
				ONLY_ACTIVE_ARCH = YES;
				SDKROOT = iphoneos;
				SWIFT_ACTIVE_COMPILATION_CONDITIONS = DEBUG;
				SWIFT_OPTIMIZATION_LEVEL = "-Onone";
			};
			name = Debug;
		};
		C9F77AE023CE02E70056288C /* Release */ = {
			isa = XCBuildConfiguration;
			buildSettings = {
				ALWAYS_SEARCH_USER_PATHS = NO;
				CLANG_ANALYZER_NONNULL = YES;
				CLANG_ANALYZER_NUMBER_OBJECT_CONVERSION = YES_AGGRESSIVE;
				CLANG_CXX_LANGUAGE_STANDARD = "gnu++14";
				CLANG_CXX_LIBRARY = "libc++";
				CLANG_ENABLE_MODULES = YES;
				CLANG_ENABLE_OBJC_ARC = YES;
				CLANG_ENABLE_OBJC_WEAK = YES;
				CLANG_WARN_BLOCK_CAPTURE_AUTORELEASING = YES;
				CLANG_WARN_BOOL_CONVERSION = YES;
				CLANG_WARN_COMMA = YES;
				CLANG_WARN_CONSTANT_CONVERSION = YES;
				CLANG_WARN_DEPRECATED_OBJC_IMPLEMENTATIONS = YES;
				CLANG_WARN_DIRECT_OBJC_ISA_USAGE = YES_ERROR;
				CLANG_WARN_DOCUMENTATION_COMMENTS = YES;
				CLANG_WARN_EMPTY_BODY = YES;
				CLANG_WARN_ENUM_CONVERSION = YES;
				CLANG_WARN_INFINITE_RECURSION = YES;
				CLANG_WARN_INT_CONVERSION = YES;
				CLANG_WARN_NON_LITERAL_NULL_CONVERSION = YES;
				CLANG_WARN_OBJC_IMPLICIT_RETAIN_SELF = YES;
				CLANG_WARN_OBJC_LITERAL_CONVERSION = YES;
				CLANG_WARN_OBJC_ROOT_CLASS = YES_ERROR;
				CLANG_WARN_QUOTED_INCLUDE_IN_FRAMEWORK_HEADER = YES;
				CLANG_WARN_RANGE_LOOP_ANALYSIS = YES;
				CLANG_WARN_STRICT_PROTOTYPES = YES;
				CLANG_WARN_SUSPICIOUS_MOVE = YES;
				CLANG_WARN_UNGUARDED_AVAILABILITY = YES_AGGRESSIVE;
				CLANG_WARN_UNREACHABLE_CODE = YES;
				CLANG_WARN__DUPLICATE_METHOD_MATCH = YES;
				COPY_PHASE_STRIP = NO;
				DEBUG_INFORMATION_FORMAT = "dwarf-with-dsym";
				ENABLE_NS_ASSERTIONS = NO;
				ENABLE_STRICT_OBJC_MSGSEND = YES;
				GCC_C_LANGUAGE_STANDARD = gnu11;
				GCC_NO_COMMON_BLOCKS = YES;
				GCC_WARN_64_TO_32_BIT_CONVERSION = YES;
				GCC_WARN_ABOUT_RETURN_TYPE = YES_ERROR;
				GCC_WARN_UNDECLARED_SELECTOR = YES;
				GCC_WARN_UNINITIALIZED_AUTOS = YES_AGGRESSIVE;
				GCC_WARN_UNUSED_FUNCTION = YES;
				GCC_WARN_UNUSED_VARIABLE = YES;
				IPHONEOS_DEPLOYMENT_TARGET = 12.4;
				MTL_ENABLE_DEBUG_INFO = NO;
				MTL_FAST_MATH = YES;
				SDKROOT = iphoneos;
				SWIFT_COMPILATION_MODE = wholemodule;
				SWIFT_OPTIMIZATION_LEVEL = "-O";
				VALIDATE_PRODUCT = YES;
			};
			name = Release;
		};
		C9F77AE223CE02E70056288C /* Debug */ = {
			isa = XCBuildConfiguration;
			baseConfigurationReference = 1ABDF1C8FAB4D3EF2A7E9E9D /* Pods-MolarMassCalculator.debug.xcconfig */;
			buildSettings = {
				ASSETCATALOG_COMPILER_APPICON_NAME = AppIcon;
				CODE_SIGN_ENTITLEMENTS = MolarMassCalculator.entitlements;
				CODE_SIGN_STYLE = Automatic;
				CURRENT_PROJECT_VERSION = 2;
				DEVELOPMENT_TEAM = 3QCJKKKPU8;
				INFOPLIST_FILE = "$(SRCROOT)/UIKit/Info.plist";
				IPHONEOS_DEPLOYMENT_TARGET = 15.4;
				LD_RUNPATH_SEARCH_PATHS = (
					"$(inherited)",
					"@executable_path/Frameworks",
				);
				MARKETING_VERSION = 1.2;
				PRODUCT_BUNDLE_IDENTIFIER = "com.filipcernov.molar-mass-calculator";
				PRODUCT_NAME = "Molar Mass Calculator";
				SUPPORTS_MACCATALYST = YES;
				SWIFT_VERSION = 5.0;
				TARGETED_DEVICE_FAMILY = "1,2,6";
			};
			name = Debug;
		};
		C9F77AE323CE02E70056288C /* Release */ = {
			isa = XCBuildConfiguration;
			baseConfigurationReference = E7CDF0EF389A64E5B9F2CA00 /* Pods-MolarMassCalculator.release.xcconfig */;
			buildSettings = {
				ASSETCATALOG_COMPILER_APPICON_NAME = AppIcon;
				CODE_SIGN_ENTITLEMENTS = MolarMassCalculator.entitlements;
				CODE_SIGN_STYLE = Automatic;
				CURRENT_PROJECT_VERSION = 2;
				DEVELOPMENT_TEAM = 3QCJKKKPU8;
				INFOPLIST_FILE = "$(SRCROOT)/UIKit/Info.plist";
				IPHONEOS_DEPLOYMENT_TARGET = 15.4;
				LD_RUNPATH_SEARCH_PATHS = (
					"$(inherited)",
					"@executable_path/Frameworks",
				);
				MARKETING_VERSION = 1.2;
				PRODUCT_BUNDLE_IDENTIFIER = "com.filipcernov.molar-mass-calculator";
				PRODUCT_NAME = "Molar Mass Calculator";
				SUPPORTS_MACCATALYST = YES;
				SWIFT_VERSION = 5.0;
				TARGETED_DEVICE_FAMILY = "1,2,6";
			};
			name = Release;
		};
/* End XCBuildConfiguration section */

/* Begin XCConfigurationList section */
		C93C40CF281C94FF00EB701B /* Build configuration list for PBXNativeTarget "MolarMassCalculatorTests" */ = {
			isa = XCConfigurationList;
			buildConfigurations = (
				C93C40CD281C94FF00EB701B /* Debug */,
				C93C40CE281C94FF00EB701B /* Release */,
			);
			defaultConfigurationIsVisible = 0;
			defaultConfigurationName = Release;
		};
		C99674B023E251F500A31232 /* Build configuration list for PBXNativeTarget "Molar Mass Calculator Apple Watch Extension" */ = {
			isa = XCConfigurationList;
			buildConfigurations = (
				C99674AE23E251F500A31232 /* Debug */,
				C99674AF23E251F500A31232 /* Release */,
			);
			defaultConfigurationIsVisible = 0;
			defaultConfigurationName = Release;
		};
		C99674B123E251F500A31232 /* Build configuration list for PBXNativeTarget "Molar Mass Calculator Apple Watch" */ = {
			isa = XCConfigurationList;
			buildConfigurations = (
				C99674AB23E251F500A31232 /* Debug */,
				C99674AC23E251F500A31232 /* Release */,
			);
			defaultConfigurationIsVisible = 0;
			defaultConfigurationName = Release;
		};
		C9F77AC823CE02E60056288C /* Build configuration list for PBXProject "MolarMassCalculator" */ = {
			isa = XCConfigurationList;
			buildConfigurations = (
				C9F77ADF23CE02E70056288C /* Debug */,
				C9F77AE023CE02E70056288C /* Release */,
			);
			defaultConfigurationIsVisible = 0;
			defaultConfigurationName = Release;
		};
		C9F77AE123CE02E70056288C /* Build configuration list for PBXNativeTarget "MolarMassCalculator" */ = {
			isa = XCConfigurationList;
			buildConfigurations = (
				C9F77AE223CE02E70056288C /* Debug */,
				C9F77AE323CE02E70056288C /* Release */,
			);
			defaultConfigurationIsVisible = 0;
			defaultConfigurationName = Release;
		};
/* End XCConfigurationList section */
	};
	rootObject = C9F77AC523CE02E60056288C /* Project object */;
}
